{
  "nodes": {
    "nixpkgs": {
      "locked": {
        "lastModified": 1659464610,
        "narHash": "sha256-X67Sbnn4lbo+RFWDjlG9oJsSWE6zg4S+LuQ5TLB2lCo=",
        "owner": "NixOS",
        "repo": "nixpkgs",
        "rev": "f310f24f0d4cd5e8660ccde49e8cbd8dbf0295fa",
        "type": "github"
      },
      "original": {
        "id": "nixpkgs",
        "type": "indirect"
      }
    },
    "root": {
      "inputs": {
        "nixpkgs": "nixpkgs"
      }
    }
  },
  "root": "root",
  "version": 7
}
